
Microsoft Visual Studio Solution File, Format Version 12.00
# Visual Studio Version 16
VisualStudioVersion = 16.0.30611.23
MinimumVisualStudioVersion = 10.0.40219.1
Project("{8BC9CEB8-8B4A-11D0-8D11-00A0C91BC942}") = "lab4", "lab4\lab4.vcxproj", "{0479C3FF-9EA6-4D65-ADC8-0D85ED7FA1D1}"
EndProject
Global
	GlobalSection(SolutionConfigurationPlatforms) = preSolution
		Debug|x64 = Debug|x64
		Debug|x86 = Debug|x86
		Release|x64 = Release|x64
		Release|x86 = Release|x86
	EndGlobalSection
	GlobalSection(ProjectConfigurationPlatforms) = postSolution
		{0479C3FF-9EA6-4D65-ADC8-0D85ED7FA1D1}.Debug|x64.ActiveCfg = Debug|x64
		{0479C3FF-9EA6-4D65-ADC8-0D85ED7FA1D1}.Debug|x64.Build.0 = Debug|x64
		{0479C3FF-9EA6-4D65-ADC8-0D85ED7FA1D1}.Debug|x86.ActiveCfg = Debug|Win32
		{0479C3FF-9EA6-4D65-ADC8-0D85ED7FA1D1}.Debug|x86.Build.0 = Debug|Win32
		{0479C3FF-9EA6-4D65-ADC8-0D85ED7FA1D1}.Release|x64.ActiveCfg = Release|x64
		{0479C3FF-9EA6-4D65-ADC8-0D85ED7FA1D1}.Release|x64.Build.0 = Release|x64
		{0479C3FF-9EA6-4D65-ADC8-0D85ED7FA1D1}.Release|x86.ActiveCfg = Release|Win32
		{0479C3FF-9EA6-4D65-ADC8-0D85ED7FA1D1}.Release|x86.Build.0 = Release|Win32
	EndGlobalSection
	GlobalSection(SolutionProperties) = preSolution
		HideSolutionNode = FALSE
	EndGlobalSection
	GlobalSection(ExtensibilityGlobals) = postSolution
		SolutionGuid = {D5D429F3-95BF-4DFE-8236-B1F8A878B012}
	EndGlobalSection
EndGlobal
